
Microsoft Visual Studio Solution File, Format Version 12.00
# Visual Studio Version 17
VisualStudioVersion = 17.13.35919.96 d17.13
MinimumVisualStudioVersion = 10.0.40219.1
Project("{FAE04EC0-301F-11D3-BF4B-00C04F79EFBC}") = "TrabalhoAlmir", "TrabalhoAlmir.csproj", "{5837A396-007A-4BFD-B1E8-82DDB21150EB}"
EndProject
Global
	GlobalSection(SolutionConfigurationPlatforms) = preSolution
		Debug|Any CPU = Debug|Any CPU
		Release|Any CPU = Release|Any CPU
	EndGlobalSection
	GlobalSection(ProjectConfigurationPlatforms) = postSolution
		{5837A396-007A-4BFD-B1E8-82DDB21150EB}.Debug|Any CPU.ActiveCfg = Debug|Any CPU
		{5837A396-007A-4BFD-B1E8-82DDB21150EB}.Debug|Any CPU.Build.0 = Debug|Any CPU
		{5837A396-007A-4BFD-B1E8-82DDB21150EB}.Release|Any CPU.ActiveCfg = Release|Any CPU
		{5837A396-007A-4BFD-B1E8-82DDB21150EB}.Release|Any CPU.Build.0 = Release|Any CPU
	EndGlobalSection
	GlobalSection(SolutionProperties) = preSolution
		HideSolutionNode = FALSE
	EndGlobalSection
	GlobalSection(ExtensibilityGlobals) = postSolution
		SolutionGuid = {5824606C-3329-458C-92D6-1034A4014466}
	EndGlobalSection
EndGlobal
